
Microsoft Visual Studio Solution File, Format Version 12.00
# Visual Studio Version 16
VisualStudioVersion = 16.0.32630.194
MinimumVisualStudioVersion = 10.0.40219.1
Project("{FAE04EC0-301F-11D3-BF4B-00C04F79EFBC}") = "Desafio_Aula10", "Desafio_Aula10\Desafio_Aula10.csproj", "{B409A262-4F9A-47E6-BF21-46C108AFF032}"
EndProject
Global
	GlobalSection(SolutionConfigurationPlatforms) = preSolution
		Debug|Any CPU = Debug|Any CPU
		Release|Any CPU = Release|Any CPU
	EndGlobalSection
	GlobalSection(ProjectConfigurationPlatforms) = postSolution
		{B409A262-4F9A-47E6-BF21-46C108AFF032}.Debug|Any CPU.ActiveCfg = Debug|Any CPU
		{B409A262-4F9A-47E6-BF21-46C108AFF032}.Debug|Any CPU.Build.0 = Debug|Any CPU
		{B409A262-4F9A-47E6-BF21-46C108AFF032}.Release|Any CPU.ActiveCfg = Release|Any CPU
		{B409A262-4F9A-47E6-BF21-46C108AFF032}.Release|Any CPU.Build.0 = Release|Any CPU
	EndGlobalSection
	GlobalSection(SolutionProperties) = preSolution
		HideSolutionNode = FALSE
	EndGlobalSection
	GlobalSection(ExtensibilityGlobals) = postSolution
		SolutionGuid = {14DEC63D-BEFA-479F-A936-CBB429B3DC17}
	EndGlobalSection
EndGlobal
